<?xml version="1.0" encoding="utf-8"?>
<Project ToolsVersion="4.0" xmlns="http://schemas.microsoft.com/developer/msbuild/2003">
  <ItemGroup>
    <Filter Include="소스 파일">
      <UniqueIdentifier>{4FC737F1-C7A5-4376-A066-2A32D752A2FF}</UniqueIdentifier>
      <Extensions>cpp;c;cc;cxx;def;odl;idl;hpj;bat;asm;asmx</Extensions>
    </Filter>
    <Filter Include="헤더 파일">
      <UniqueIdentifier>{93995380-89BD-4b04-88EB-625FBE52EBFB}</UniqueIdentifier>
      <Extensions>h;hh;hpp;hxx;hm;inl;inc;xsd</Extensions>
    </Filter>
    <Filter Include="리소스 파일">
      <UniqueIdentifier>{67DA6AB6-F800-4c08-8B7A-83BB121AAD01}</UniqueIdentifier>
      <Extensions>rc;ico;cur;bmp;dlg;rc2;rct;bin;rgs;gif;jpg;jpeg;jpe;resx;tiff;tif;png;wav;mfcribbon-ms</Extensions>
    </Filter>
    <Filter Include="00. MainGame">
      <UniqueIdentifier>{3712b02a-b336-41f2-aeca-2a56eff6e574}</UniqueIdentifier>
    </Filter>
    <Filter Include="01. Obj">
      <UniqueIdentifier>{19fbeeae-bacc-4233-ae15-136c9effcc7e}</UniqueIdentifier>
    </Filter>
    <Filter Include="01. Obj\00. Player">
      <UniqueIdentifier>{dba4a3e7-be6c-46c4-affa-122ea417f3a0}</UniqueIdentifier>
    </Filter>
    <Filter Include="01. Obj\01. Bullet">
      <UniqueIdentifier>{6791b031-ecb8-43ac-9553-4479a86455e5}</UniqueIdentifier>
    </Filter>
    <Filter Include="01. Obj\02. Monster">
      <UniqueIdentifier>{5d33c305-9fa3-422e-a607-c3cc3af44b3e}</UniqueIdentifier>
    </Filter>
    <Filter Include="02. Design">
      <UniqueIdentifier>{6ca30a8b-cc5e-483a-ac5d-2680dffa5171}</UniqueIdentifier>
    </Filter>
    <Filter Include="02. Design\00. AbstractFactory">
      <UniqueIdentifier>{cdbfb1bd-b1fb-42ab-baa7-0a72883c9373}</UniqueIdentifier>
    </Filter>
    <Filter Include="01. Obj\03. Mouse">
      <UniqueIdentifier>{88eddc80-674d-4290-a472-a6306ae949a8}</UniqueIdentifier>
    </Filter>
    <Filter Include="02. Design\01. CollisionMgr">
      <UniqueIdentifier>{f69015f6-cb4f-4b69-ba7d-79314e2cbcab}</UniqueIdentifier>
    </Filter>
    <Filter Include="01. Obj\04. Shield">
      <UniqueIdentifier>{51ffa4e5-272f-4a03-8daa-aaee13cf39ca}</UniqueIdentifier>
    </Filter>
    <Filter Include="01. Obj\01. Bullet\00. ScrewBullet">
      <UniqueIdentifier>{c2844ef4-e624-4495-a46d-3aaf94293c61}</UniqueIdentifier>
    </Filter>
    <Filter Include="02. Design\02. ObjMgr">
      <UniqueIdentifier>{83562349-053a-4adc-889e-2bf501c580a8}</UniqueIdentifier>
    </Filter>
    <Filter Include="01. Obj\01. Bullet\01. GuideBullet">
      <UniqueIdentifier>{2f1e2894-3536-4e99-82bd-0c1e3c5320e4}</UniqueIdentifier>
    </Filter>
    <Filter Include="02. Design\03. LineMgr">
      <UniqueIdentifier>{f0b959b9-40d5-4956-af9b-f4075dffd414}</UniqueIdentifier>
    </Filter>
    <Filter Include="02. Design\03. LineMgr\Line">
      <UniqueIdentifier>{63f4150d-2207-4916-be3c-ae7621be2faf}</UniqueIdentifier>
    </Filter>
    <Filter Include="02. Design\04. KeyMgr">
      <UniqueIdentifier>{3168ff06-a4b3-4c45-bf61-bc30d36ce953}</UniqueIdentifier>
    </Filter>
    <Filter Include="02. Design\05. ScrollMgr">
      <UniqueIdentifier>{0faebffe-3ebf-4f84-a389-b0cf5525cffe}</UniqueIdentifier>
    </Filter>
    <Filter Include="02. Design\06. BmpMgr">
      <UniqueIdentifier>{1b26cbb7-5601-4e86-a09a-b565cf15edd8}</UniqueIdentifier>
    </Filter>
    <Filter Include="02. Design\06. BmpMgr\MyBmp">
      <UniqueIdentifier>{6b35d353-124b-4970-bd39-055ef589f822}</UniqueIdentifier>
    </Filter>
    <Filter Include="02. Design\07. SceneMgr">
      <UniqueIdentifier>{5bdaf7f7-8244-48cf-9d4b-b9f2aa9352b9}</UniqueIdentifier>
    </Filter>
    <Filter Include="02. Design\07. SceneMgr\Scene">
      <UniqueIdentifier>{8524a234-66ef-4499-98aa-c467a9b89aa5}</UniqueIdentifier>
    </Filter>
    <Filter Include="03. Scene">
      <UniqueIdentifier>{12080b6c-8826-4fa6-86aa-cbc4a1716a52}</UniqueIdentifier>
    </Filter>
    <Filter Include="03. Scene\00. Logo">
      <UniqueIdentifier>{923b850f-9147-4f8f-9c39-5fa6ea400425}</UniqueIdentifier>
    </Filter>
    <Filter Include="03. Scene\01. Menu">
      <UniqueIdentifier>{b23e67f0-1bb0-4a4a-ab7e-cf35957eacb4}</UniqueIdentifier>
    </Filter>
    <Filter Include="03. Scene\02. Edit">
      <UniqueIdentifier>{38c10ce6-247d-459a-a1d1-e9a72e6a66b7}</UniqueIdentifier>
    </Filter>
    <Filter Include="03. Scene\03. Stage">
      <UniqueIdentifier>{846e590a-9d66-4ed5-a53f-23941b25cfd6}</UniqueIdentifier>
    </Filter>
    <Filter Include="01. Obj\05. Button">
      <UniqueIdentifier>{4fd9ab46-0a24-4d0d-87d3-3e4d7a339345}</UniqueIdentifier>
    </Filter>
    <Filter Include="01. Obj\06. Tile">
      <UniqueIdentifier>{12b60e85-a76f-4a87-83f1-812b8b652606}</UniqueIdentifier>
    </Filter>
    <Filter Include="02. Design\08. TileMgr">
      <UniqueIdentifier>{f47b7cdf-54b7-4a6a-8ae5-68f923eacb9e}</UniqueIdentifier>
    </Filter>
    <Filter Include="02. Design\09. PngMgr">
      <UniqueIdentifier>{7580a73e-98dc-485a-87d6-f1e78ad7e848}</UniqueIdentifier>
    </Filter>
    <Filter Include="02. Design\09. PngMgr\MyPng">
      <UniqueIdentifier>{2321a5e2-c142-47ae-8a57-be7f17580d6a}</UniqueIdentifier>
    </Filter>
    <Filter Include="01. Obj\07. Weapon">
      <UniqueIdentifier>{f5365d5b-0e08-4a22-9064-37b930ee4197}</UniqueIdentifier>
    </Filter>
    <Filter Include="01. Obj\07. Weapon\01. Gun">
      <UniqueIdentifier>{c2984e86-adec-4d04-81d1-a905f121f1c8}</UniqueIdentifier>
    </Filter>
    <Filter Include="01. Obj\07. Weapon\02. Sword">
      <UniqueIdentifier>{214853b6-006c-4692-9cc5-0376dfb55be3}</UniqueIdentifier>
    </Filter>
    <Filter Include="02. Design\11. SoundMgr">
      <UniqueIdentifier>{3602b54f-9847-442a-861c-3612f0bcd19f}</UniqueIdentifier>
    </Filter>
    <Filter Include="01. Obj\08. Entry">
      <UniqueIdentifier>{2e011230-56fc-4139-9d59-7287594fbd25}</UniqueIdentifier>
    </Filter>
    <Filter Include="01. Obj\09. Logo">
      <UniqueIdentifier>{a17e96c5-240b-446c-920e-e1b3f6840a9f}</UniqueIdentifier>
    </Filter>
    <Filter Include="01. Obj\01. Bullet\02. PlayerBullet">
      <UniqueIdentifier>{07c696f5-25bd-4593-8ce2-5d075c3f5a38}</UniqueIdentifier>
    </Filter>
    <Filter Include="01. Obj\01. Bullet\03. MonsterBullet">
      <UniqueIdentifier>{d3085e3c-c767-41bd-84a9-a85c93f079d2}</UniqueIdentifier>
    </Filter>
    <Filter Include="03. Scene\03. Stage\01. Field">
      <UniqueIdentifier>{2723d1ad-5a14-4982-9c61-00a05f828e8e}</UniqueIdentifier>
    </Filter>
    <Filter Include="01. Obj\10. Ground">
      <UniqueIdentifier>{669da6a0-cd24-4897-a6b5-c86124184dad}</UniqueIdentifier>
    </Filter>
    <Filter Include="01. Obj\02. Monster\01.Boss">
      <UniqueIdentifier>{561deaa0-463f-4202-8e46-0b886ee7e163}</UniqueIdentifier>
    </Filter>
    <Filter Include="01. Obj\02. Monster\02. Defalut">
      <UniqueIdentifier>{116376e3-49b4-46a6-9698-6e00a3bfb7f0}</UniqueIdentifier>
    </Filter>
    <Filter Include="소스 파일\04. ImageClass">
      <UniqueIdentifier>{f358ee29-165f-4557-92ca-4bd1426b6386}</UniqueIdentifier>
    </Filter>
    <Filter Include="01. Obj\11. UI">
      <UniqueIdentifier>{c198d084-9349-46d1-a705-e96a52fd3d35}</UniqueIdentifier>
    </Filter>
    <Filter Include="01. Obj\11. UI\01. PlayerUI">
      <UniqueIdentifier>{922bc5cd-a52d-49ca-9f09-ac5c61b1d765}</UniqueIdentifier>
    </Filter>
    <Filter Include="01. Obj\11. UI\02. BossUI">
      <UniqueIdentifier>{088c53ef-cebf-45c0-bd6c-916021b4f965}</UniqueIdentifier>
    </Filter>
    <Filter Include="01. Obj\01. Bullet\03. MonsterBullet\01. SubMonBullet">
      <UniqueIdentifier>{46a7eaa3-e9cf-43a2-a867-61541cf100b0}</UniqueIdentifier>
    </Filter>
    <Filter Include="01. Obj\01. Bullet\03. MonsterBullet\02. BossMonBullet">
      <UniqueIdentifier>{c3191566-7f5e-4ecb-a33d-831b1075390d}</UniqueIdentifier>
    </Filter>
  </ItemGroup>
  <ItemGroup>
    <Text Include="ReadMe.txt" />
  </ItemGroup>
  <ItemGroup>
    <ClInclude Include="stdafx.h">
      <Filter>헤더 파일</Filter>
    </ClInclude>
    <ClInclude Include="targetver.h">
      <Filter>헤더 파일</Filter>
    </ClInclude>
    <ClInclude Include="Resource.h">
      <Filter>헤더 파일</Filter>
    </ClInclude>
    <ClInclude Include="DefaultWindow.h">
      <Filter>헤더 파일</Filter>
    </ClInclude>
    <ClInclude Include="MainGame.h">
      <Filter>00. MainGame</Filter>
    </ClInclude>
    <ClInclude Include="Obj.h">
      <Filter>01. Obj</Filter>
    </ClInclude>
    <ClInclude Include="Bullet.h">
      <Filter>01. Obj\01. Bullet</Filter>
    </ClInclude>
    <ClInclude Include="Monster.h">
      <Filter>01. Obj\02. Monster</Filter>
    </ClInclude>
    <ClInclude Include="AbstractFactory.h">
      <Filter>02. Design\00. AbstractFactory</Filter>
    </ClInclude>
    <ClInclude Include="Mouse.h">
      <Filter>01. Obj\03. Mouse</Filter>
    </ClInclude>
    <ClInclude Include="CollisionMgr.h">
      <Filter>02. Design\01. CollisionMgr</Filter>
    </ClInclude>
    <ClInclude Include="Shield.h">
      <Filter>01. Obj\04. Shield</Filter>
    </ClInclude>
    <ClInclude Include="ScrewBullet.h">
      <Filter>01. Obj\01. Bullet\00. ScrewBullet</Filter>
    </ClInclude>
    <ClInclude Include="ObjMgr.h">
      <Filter>02. Design\02. ObjMgr</Filter>
    </ClInclude>
    <ClInclude Include="Line.h">
      <Filter>02. Design\03. LineMgr\Line</Filter>
    </ClInclude>
    <ClInclude Include="LineMgr.h">
      <Filter>02. Design\03. LineMgr</Filter>
    </ClInclude>
    <ClInclude Include="KeyMgr.h">
      <Filter>02. Design\04. KeyMgr</Filter>
    </ClInclude>
    <ClInclude Include="ScrollMgr.h">
      <Filter>02. Design\05. ScrollMgr</Filter>
    </ClInclude>
    <ClInclude Include="MyBmp.h">
      <Filter>02. Design\06. BmpMgr\MyBmp</Filter>
    </ClInclude>
    <ClInclude Include="BmpMgr.h">
      <Filter>02. Design\06. BmpMgr</Filter>
    </ClInclude>
    <ClInclude Include="Scene.h">
      <Filter>02. Design\07. SceneMgr\Scene</Filter>
    </ClInclude>
    <ClInclude Include="Logo.h">
      <Filter>03. Scene\00. Logo</Filter>
    </ClInclude>
    <ClInclude Include="SceneMgr.h">
      <Filter>02. Design\07. SceneMgr</Filter>
    </ClInclude>
    <ClInclude Include="MyMenu.h">
      <Filter>03. Scene\01. Menu</Filter>
    </ClInclude>
    <ClInclude Include="MyButton.h">
      <Filter>01. Obj\05. Button</Filter>
    </ClInclude>
    <ClInclude Include="Stage.h">
      <Filter>03. Scene\03. Stage</Filter>
    </ClInclude>
    <ClInclude Include="Tile.h">
      <Filter>01. Obj\06. Tile</Filter>
    </ClInclude>
    <ClInclude Include="TileMgr.h">
      <Filter>02. Design\08. TileMgr</Filter>
    </ClInclude>
    <ClInclude Include="MyEdit.h">
      <Filter>03. Scene\02. Edit</Filter>
    </ClInclude>
    <ClInclude Include="PngMrg.h">
      <Filter>02. Design\09. PngMgr</Filter>
    </ClInclude>
    <ClInclude Include="MyPng.h">
      <Filter>02. Design\09. PngMgr\MyPng</Filter>
    </ClInclude>
    <ClInclude Include="Gun.h">
      <Filter>01. Obj\07. Weapon\01. Gun</Filter>
    </ClInclude>
    <ClInclude Include="Sword.h">
      <Filter>01. Obj\07. Weapon\02. Sword</Filter>
    </ClInclude>
    <ClInclude Include="SoundMgr.h">
      <Filter>02. Design\11. SoundMgr</Filter>
    </ClInclude>
    <ClInclude Include="Entry.h">
      <Filter>01. Obj\08. Entry</Filter>
    </ClInclude>
    <ClInclude Include="PlayerBullet.h">
      <Filter>01. Obj\01. Bullet\02. PlayerBullet</Filter>
    </ClInclude>
    <ClInclude Include="Village.h">
      <Filter>03. Scene\03. Stage</Filter>
    </ClInclude>
    <ClInclude Include="Define.h">
      <Filter>헤더 파일</Filter>
    </ClInclude>
    <ClInclude Include="Normal.h">
      <Filter>03. Scene\03. Stage\01. Field</Filter>
    </ClInclude>
    <ClInclude Include="BossField.h">
      <Filter>03. Scene\03. Stage\01. Field</Filter>
    </ClInclude>
    <ClInclude Include="StageEntry.h">
      <Filter>01. Obj\08. Entry</Filter>
    </ClInclude>
    <ClInclude Include="Player.h">
      <Filter>01. Obj\00. Player</Filter>
    </ClInclude>
    <ClInclude Include="ImageCollection.h">
      <Filter>소스 파일\04. ImageClass</Filter>
    </ClInclude>
    <ClInclude Include="BossMonster.h">
      <Filter>01. Obj\02. Monster\01.Boss</Filter>
    </ClInclude>
    <ClInclude Include="DefalutMonster.h">
      <Filter>01. Obj\02. Monster\02. Defalut</Filter>
    </ClInclude>
    <ClInclude Include="SubMonster.h">
      <Filter>01. Obj\02. Monster\01.Boss</Filter>
    </ClInclude>
    <ClInclude Include="GuideBullet.h">
      <Filter>01. Obj\01. Bullet\01. GuideBullet</Filter>
    </ClInclude>
    <ClInclude Include="Ground.h">
      <Filter>01. Obj\10. Ground</Filter>
    </ClInclude>
    <ClInclude Include="PlayerUI.h">
      <Filter>01. Obj\11. UI\01. PlayerUI</Filter>
    </ClInclude>
    <ClInclude Include="BossUI.h">
      <Filter>01. Obj\11. UI\02. BossUI</Filter>
    </ClInclude>
    <ClInclude Include="GroundTopo.h">
      <Filter>01. Obj\10. Ground</Filter>
    </ClInclude>
    <ClInclude Include="Wall.h">
      <Filter>01. Obj\10. Ground</Filter>
    </ClInclude>
    <ClInclude Include="IcicleBullet.h">
      <Filter>01. Obj\01. Bullet\03. MonsterBullet\02. BossMonBullet</Filter>
    </ClInclude>
    <ClInclude Include="MonsterIceSpear.h">
      <Filter>01. Obj\01. Bullet\03. MonsterBullet\02. BossMonBullet</Filter>
    </ClInclude>
    <ClInclude Include="MonsterBullet.h">
      <Filter>01. Obj\01. Bullet\03. MonsterBullet\01. SubMonBullet</Filter>
    </ClInclude>
  </ItemGroup>
  <ItemGroup>
    <ClCompile Include="DefaultWindow.cpp">
      <Filter>소스 파일</Filter>
    </ClCompile>
    <ClCompile Include="MainGame.cpp">
      <Filter>00. MainGame</Filter>
    </ClCompile>
    <ClCompile Include="Obj.cpp">
      <Filter>01. Obj</Filter>
    </ClCompile>
    <ClCompile Include="Player.cpp">
      <Filter>01. Obj\00. Player</Filter>
    </ClCompile>
    <ClCompile Include="Bullet.cpp">
      <Filter>01. Obj\01. Bullet</Filter>
    </ClCompile>
    <ClCompile Include="Monster.cpp">
      <Filter>01. Obj\02. Monster</Filter>
    </ClCompile>
    <ClCompile Include="Mouse.cpp">
      <Filter>01. Obj\03. Mouse</Filter>
    </ClCompile>
    <ClCompile Include="CollisionMgr.cpp">
      <Filter>02. Design\01. CollisionMgr</Filter>
    </ClCompile>
    <ClCompile Include="Shield.cpp">
      <Filter>01. Obj\04. Shield</Filter>
    </ClCompile>
    <ClCompile Include="ScrewBullet.cpp">
      <Filter>01. Obj\01. Bullet\00. ScrewBullet</Filter>
    </ClCompile>
    <ClCompile Include="ObjMgr.cpp">
      <Filter>02. Design\02. ObjMgr</Filter>
    </ClCompile>
    <ClCompile Include="Line.cpp">
      <Filter>02. Design\03. LineMgr\Line</Filter>
    </ClCompile>
    <ClCompile Include="LineMgr.cpp">
      <Filter>02. Design\03. LineMgr</Filter>
    </ClCompile>
    <ClCompile Include="stdafx.cpp">
      <Filter>소스 파일</Filter>
    </ClCompile>
    <ClCompile Include="KeyMgr.cpp">
      <Filter>02. Design\04. KeyMgr</Filter>
    </ClCompile>
    <ClCompile Include="ScrollMgr.cpp">
      <Filter>02. Design\05. ScrollMgr</Filter>
    </ClCompile>
    <ClCompile Include="MyBmp.cpp">
      <Filter>02. Design\06. BmpMgr\MyBmp</Filter>
    </ClCompile>
    <ClCompile Include="BmpMgr.cpp">
      <Filter>02. Design\06. BmpMgr</Filter>
    </ClCompile>
    <ClCompile Include="Scene.cpp">
      <Filter>02. Design\07. SceneMgr\Scene</Filter>
    </ClCompile>
    <ClCompile Include="Logo.cpp">
      <Filter>03. Scene\00. Logo</Filter>
    </ClCompile>
    <ClCompile Include="SceneMgr.cpp">
      <Filter>02. Design\07. SceneMgr</Filter>
    </ClCompile>
    <ClCompile Include="MyMenu.cpp">
      <Filter>03. Scene\01. Menu</Filter>
    </ClCompile>
    <ClCompile Include="MyButton.cpp">
      <Filter>01. Obj\05. Button</Filter>
    </ClCompile>
    <ClCompile Include="Stage.cpp">
      <Filter>03. Scene\03. Stage</Filter>
    </ClCompile>
    <ClCompile Include="Tile.cpp">
      <Filter>01. Obj\06. Tile</Filter>
    </ClCompile>
    <ClCompile Include="TileMgr.cpp">
      <Filter>02. Design\08. TileMgr</Filter>
    </ClCompile>
    <ClCompile Include="MyEdit.cpp">
      <Filter>03. Scene\02. Edit</Filter>
    </ClCompile>
    <ClCompile Include="PngMrg.cpp">
      <Filter>02. Design\09. PngMgr</Filter>
    </ClCompile>
    <ClCompile Include="MyPng.cpp">
      <Filter>02. Design\09. PngMgr\MyPng</Filter>
    </ClCompile>
    <ClCompile Include="Gun.cpp">
      <Filter>01. Obj\07. Weapon\01. Gun</Filter>
    </ClCompile>
    <ClCompile Include="Sword.cpp">
      <Filter>01. Obj\07. Weapon\02. Sword</Filter>
    </ClCompile>
    <ClCompile Include="SoundMgr.cpp">
      <Filter>02. Design\11. SoundMgr</Filter>
    </ClCompile>
    <ClCompile Include="Entry.cpp">
      <Filter>01. Obj\08. Entry</Filter>
    </ClCompile>
    <ClCompile Include="PlayerBullet.cpp">
      <Filter>01. Obj\01. Bullet\02. PlayerBullet</Filter>
    </ClCompile>
    <ClCompile Include="Village.cpp">
      <Filter>03. Scene\03. Stage</Filter>
    </ClCompile>
    <ClCompile Include="Normal.cpp">
      <Filter>03. Scene\03. Stage\01. Field</Filter>
    </ClCompile>
    <ClCompile Include="BossField.cpp">
      <Filter>03. Scene\03. Stage\01. Field</Filter>
    </ClCompile>
    <ClCompile Include="StageEntry.cpp">
      <Filter>01. Obj\08. Entry</Filter>
    </ClCompile>
    <ClCompile Include="ImageCollection.cpp">
      <Filter>소스 파일\04. ImageClass</Filter>
    </ClCompile>
    <ClCompile Include="BossMonster.cpp">
      <Filter>01. Obj\02. Monster\01.Boss</Filter>
    </ClCompile>
    <ClCompile Include="DefalutMonster.cpp">
      <Filter>01. Obj\02. Monster\02. Defalut</Filter>
    </ClCompile>
    <ClCompile Include="SubMonster.cpp">
      <Filter>01. Obj\02. Monster\01.Boss</Filter>
    </ClCompile>
    <ClCompile Include="GuideBullet.cpp">
      <Filter>01. Obj\01. Bullet\01. GuideBullet</Filter>
    </ClCompile>
    <ClCompile Include="Ground.cpp">
      <Filter>01. Obj\10. Ground</Filter>
    </ClCompile>
    <ClCompile Include="PlayerUI.cpp">
      <Filter>01. Obj\11. UI\01. PlayerUI</Filter>
    </ClCompile>
    <ClCompile Include="BossUI.cpp">
      <Filter>01. Obj\11. UI\02. BossUI</Filter>
    </ClCompile>
    <ClCompile Include="GroundTopo.cpp">
      <Filter>01. Obj\10. Ground</Filter>
    </ClCompile>
    <ClCompile Include="Wall.cpp">
      <Filter>01. Obj\10. Ground</Filter>
    </ClCompile>
    <ClCompile Include="IcicleBullet.cpp">
      <Filter>01. Obj\01. Bullet\03. MonsterBullet\02. BossMonBullet</Filter>
    </ClCompile>
    <ClCompile Include="MonsterIceSpear.cpp">
      <Filter>01. Obj\01. Bullet\03. MonsterBullet\02. BossMonBullet</Filter>
    </ClCompile>
    <ClCompile Include="MonsterBullet.cpp">
      <Filter>01. Obj\01. Bullet\03. MonsterBullet\01. SubMonBullet</Filter>
    </ClCompile>
  </ItemGroup>
  <ItemGroup>
    <ResourceCompile Include="DefaultWindow.rc">
      <Filter>리소스 파일</Filter>
    </ResourceCompile>
  </ItemGroup>
  <ItemGroup>
    <Image Include="small.ico">
      <Filter>리소스 파일</Filter>
    </Image>
    <Image Include="DefaultWindow.ico">
      <Filter>리소스 파일</Filter>
    </Image>
  </ItemGroup>
</Project>